{
  "name": "@teamest/internal-season-service",
  "version": "0.0.1",
  "lockfileVersion": 1,
  "requires": true,
  "dependencies": {
    "@grpc/grpc-js": {
      "version": "1.1.2",
      "resolved": "https://registry.npmjs.org/@grpc/grpc-js/-/grpc-js-1.1.2.tgz",
      "integrity": "sha512-k2u86Bkm/3xrjUaSWeIyzXScBt/cC8uE7BznR0cpueQi11R33W6qfJdMrkrsmSHirp5likR55JSXUrcWG6ybHA==",
      "requires": {
        "semver": "^6.2.0"
      }
    },
    "@teamest/models": {
      "version": "0.7.1",
      "resolved": "https://registry.npmjs.org/@teamest/models/-/models-0.7.1.tgz",
      "integrity": "sha512-VlegKubjf/5GjtUAUtza/fNTsz4kwyBlaQN6OJXZj/qHsjmZSbeGl3dHMnfqeo2L4ZuZhkVtc18UDdtqgDDSJw=="
    },
    "@types/google-protobuf": {
      "version": "3.7.2",
      "resolved": "https://registry.npmjs.org/@types/google-protobuf/-/google-protobuf-3.7.2.tgz",
      "integrity": "sha512-ifFemzjNchFBCtHS6bZNhSZCBu7tbtOe0e8qY0z2J4HtFXmPJjm6fXSaQsTG7yhShBEZtt2oP/bkwu5k+emlkQ==",
      "dev": true
    },
    "google-protobuf": {
      "version": "4.0.0-rc.1",
      "resolved": "https://registry.npmjs.org/google-protobuf/-/google-protobuf-4.0.0-rc.1.tgz",
      "integrity": "sha512-EgS/BwPpgez8DmVXYtUzYUBkuYbPgU9QfnINTzMePW/WZfrktLyYtTtqWTlEdU4nnYJwJWr7oYD16heOJdKlWw=="
    },
    "semver": {
      "version": "6.3.0",
      "resolved": "https://registry.npmjs.org/semver/-/semver-6.3.0.tgz",
      "integrity": "sha512-b39TBaTSfV6yBrapU89p5fKekE2m/NwnDocOVruQFS1/veMgdzuPcnOM34M6CwxW8jH/lxEa5rBoDeUwu5HHTw=="
    },
    "typescript": {
      "version": "3.9.7",
      "resolved": "https://registry.npmjs.org/typescript/-/typescript-3.9.7.tgz",
      "integrity": "sha512-BLbiRkiBzAwsjut4x/dsibSTB6yWpwT5qWmC2OfuCg3GgVQCSgMs4vEctYPhsaGtd0AeuuHMkjZ2h2WG8MSzRw==",
      "dev": true
    }
  }
}
